// !$*UTF8*$!
{
	archiveVersion = 1;
	classes = {
	};
	objectVersion = 50;
	objects = {

/* Begin PBXBuildFile section */
		40C8B7D02C10C9084C69011E /* Pods_iOS_PlaygroundTests.framework in Frameworks */ = {isa = PBXBuildFile; fileRef = 2F614C7DB0EBA3A8FA0B6D9F /* Pods_iOS_PlaygroundTests.framework */; };
		7F4452897970CD9E444F4A60 /* Pods_iOS_Playground.framework in Frameworks */ = {isa = PBXBuildFile; fileRef = 8C89A1A228D748389586E94D /* Pods_iOS_Playground.framework */; };
		7FFAB09B8D52C0B0CDAAA600 /* Pods_iOS_PlaygroundUITests.framework in Frameworks */ = {isa = PBXBuildFile; fileRef = DBE53CBB6B4DB81491D55805 /* Pods_iOS_PlaygroundUITests.framework */; };
		C207C26F208E055A00051F1A /* L.swift in Sources */ = {isa = PBXBuildFile; fileRef = C207C26E208E055A00051F1A /* L.swift */; };
		C20D51A52091A450007458B3 /* RatingControl.swift in Sources */ = {isa = PBXBuildFile; fileRef = C20D51A42091A450007458B3 /* RatingControl.swift */; };
		C20D51A72091E180007458B3 /* Meal.swift in Sources */ = {isa = PBXBuildFile; fileRef = C20D51A62091E180007458B3 /* Meal.swift */; };
		C2E5123B2088994300125547 /* AppDelegate.swift in Sources */ = {isa = PBXBuildFile; fileRef = C2E5123A2088994300125547 /* AppDelegate.swift */; };
		C2E5123D2088994300125547 /* ViewController.swift in Sources */ = {isa = PBXBuildFile; fileRef = C2E5123C2088994300125547 /* ViewController.swift */; };
		C2E512402088994300125547 /* Main.storyboard in Resources */ = {isa = PBXBuildFile; fileRef = C2E5123E2088994300125547 /* Main.storyboard */; };
		C2E512432088994300125547 /* iOS_Playground.xcdatamodeld in Sources */ = {isa = PBXBuildFile; fileRef = C2E512412088994300125547 /* iOS_Playground.xcdatamodeld */; };
		C2E512452088994500125547 /* Assets.xcassets in Resources */ = {isa = PBXBuildFile; fileRef = C2E512442088994500125547 /* Assets.xcassets */; };
		C2E512482088994500125547 /* LaunchScreen.storyboard in Resources */ = {isa = PBXBuildFile; fileRef = C2E512462088994500125547 /* LaunchScreen.storyboard */; };
		C2E512532088994600125547 /* iOS_PlaygroundTests.swift in Sources */ = {isa = PBXBuildFile; fileRef = C2E512522088994600125547 /* iOS_PlaygroundTests.swift */; };
		C2E5125E2088994600125547 /* iOS_PlaygroundUITests.swift in Sources */ = {isa = PBXBuildFile; fileRef = C2E5125D2088994600125547 /* iOS_PlaygroundUITests.swift */; };
/* End PBXBuildFile section */

/* Begin PBXContainerItemProxy section */
		C2E5124F2088994600125547 /* PBXContainerItemProxy */ = {
			isa = PBXContainerItemProxy;
			containerPortal = C2E5122F2088994300125547 /* Project object */;
			proxyType = 1;
			remoteGlobalIDString = C2E512362088994300125547;
			remoteInfo = "iOS-Playground";
		};
		C2E5125A2088994600125547 /* PBXContainerItemProxy */ = {
			isa = PBXContainerItemProxy;
			containerPortal = C2E5122F2088994300125547 /* Project object */;
			proxyType = 1;
			remoteGlobalIDString = C2E512362088994300125547;
			remoteInfo = "iOS-Playground";
		};
/* End PBXContainerItemProxy section */

/* Begin PBXFileReference section */
		2B63831D7521614598E7FFB5 /* Pods-iOS-Playground.debug.xcconfig */ = {isa = PBXFileReference; includeInIndex = 1; lastKnownFileType = text.xcconfig; name = "Pods-iOS-Playground.debug.xcconfig"; path = "Pods/Target Support Files/Pods-iOS-Playground/Pods-iOS-Playground.debug.xcconfig"; sourceTree = "<group>"; };
		2C7BDEEB35C0FDD2E5BE731D /* Pods-iOS-PlaygroundTests.preview.xcconfig */ = {isa = PBXFileReference; includeInIndex = 1; lastKnownFileType = text.xcconfig; name = "Pods-iOS-PlaygroundTests.preview.xcconfig"; path = "Pods/Target Support Files/Pods-iOS-PlaygroundTests/Pods-iOS-PlaygroundTests.preview.xcconfig"; sourceTree = "<group>"; };
		2C8E115E0C8ECA70DB6FFA03 /* Pods-iOS-PlaygroundTests.release.xcconfig */ = {isa = PBXFileReference; includeInIndex = 1; lastKnownFileType = text.xcconfig; name = "Pods-iOS-PlaygroundTests.release.xcconfig"; path = "Pods/Target Support Files/Pods-iOS-PlaygroundTests/Pods-iOS-PlaygroundTests.release.xcconfig"; sourceTree = "<group>"; };
		2F614C7DB0EBA3A8FA0B6D9F /* Pods_iOS_PlaygroundTests.framework */ = {isa = PBXFileReference; explicitFileType = wrapper.framework; includeInIndex = 0; path = Pods_iOS_PlaygroundTests.framework; sourceTree = BUILT_PRODUCTS_DIR; };
		3B1F403C1D4359D5E2EFD790 /* Pods-iOS-Playground.release.xcconfig */ = {isa = PBXFileReference; includeInIndex = 1; lastKnownFileType = text.xcconfig; name = "Pods-iOS-Playground.release.xcconfig"; path = "Pods/Target Support Files/Pods-iOS-Playground/Pods-iOS-Playground.release.xcconfig"; sourceTree = "<group>"; };
		3BB8B7771CA5AEF455033C60 /* Pods-iOS-PlaygroundUITests.preview.xcconfig */ = {isa = PBXFileReference; includeInIndex = 1; lastKnownFileType = text.xcconfig; name = "Pods-iOS-PlaygroundUITests.preview.xcconfig"; path = "Pods/Target Support Files/Pods-iOS-PlaygroundUITests/Pods-iOS-PlaygroundUITests.preview.xcconfig"; sourceTree = "<group>"; };
		66BE0B75B40C5D563FA772E8 /* Pods-iOS-PlaygroundUITests.release.xcconfig */ = {isa = PBXFileReference; includeInIndex = 1; lastKnownFileType = text.xcconfig; name = "Pods-iOS-PlaygroundUITests.release.xcconfig"; path = "Pods/Target Support Files/Pods-iOS-PlaygroundUITests/Pods-iOS-PlaygroundUITests.release.xcconfig"; sourceTree = "<group>"; };
		75D53CD82F76716C6D7E501D /* Pods-iOS-PlaygroundUITests.debug.xcconfig */ = {isa = PBXFileReference; includeInIndex = 1; lastKnownFileType = text.xcconfig; name = "Pods-iOS-PlaygroundUITests.debug.xcconfig"; path = "Pods/Target Support Files/Pods-iOS-PlaygroundUITests/Pods-iOS-PlaygroundUITests.debug.xcconfig"; sourceTree = "<group>"; };
		8C89A1A228D748389586E94D /* Pods_iOS_Playground.framework */ = {isa = PBXFileReference; explicitFileType = wrapper.framework; includeInIndex = 0; path = Pods_iOS_Playground.framework; sourceTree = BUILT_PRODUCTS_DIR; };
		C207C26E208E055A00051F1A /* L.swift */ = {isa = PBXFileReference; lastKnownFileType = sourcecode.swift; path = L.swift; sourceTree = "<group>"; };
		C20D51A42091A450007458B3 /* RatingControl.swift */ = {isa = PBXFileReference; lastKnownFileType = sourcecode.swift; path = RatingControl.swift; sourceTree = "<group>"; };
		C20D51A62091E180007458B3 /* Meal.swift */ = {isa = PBXFileReference; lastKnownFileType = sourcecode.swift; path = Meal.swift; sourceTree = "<group>"; };
		C2E512372088994300125547 /* iOS-Playground.app */ = {isa = PBXFileReference; explicitFileType = wrapper.application; includeInIndex = 0; path = "iOS-Playground.app"; sourceTree = BUILT_PRODUCTS_DIR; };
		C2E5123A2088994300125547 /* AppDelegate.swift */ = {isa = PBXFileReference; lastKnownFileType = sourcecode.swift; path = AppDelegate.swift; sourceTree = "<group>"; };
		C2E5123C2088994300125547 /* ViewController.swift */ = {isa = PBXFileReference; lastKnownFileType = sourcecode.swift; path = ViewController.swift; sourceTree = "<group>"; };
		C2E5123F2088994300125547 /* Base */ = {isa = PBXFileReference; lastKnownFileType = file.storyboard; name = Base; path = Base.lproj/Main.storyboard; sourceTree = "<group>"; };
		C2E512422088994300125547 /* iOS_Playground.xcdatamodel */ = {isa = PBXFileReference; lastKnownFileType = wrapper.xcdatamodel; path = iOS_Playground.xcdatamodel; sourceTree = "<group>"; };
		C2E512442088994500125547 /* Assets.xcassets */ = {isa = PBXFileReference; lastKnownFileType = folder.assetcatalog; path = Assets.xcassets; sourceTree = "<group>"; };
		C2E512472088994500125547 /* Base */ = {isa = PBXFileReference; lastKnownFileType = file.storyboard; name = Base; path = Base.lproj/LaunchScreen.storyboard; sourceTree = "<group>"; };
		C2E512492088994500125547 /* Info.plist */ = {isa = PBXFileReference; lastKnownFileType = text.plist.xml; path = Info.plist; sourceTree = "<group>"; };
		C2E5124E2088994600125547 /* iOS-PlaygroundTests.xctest */ = {isa = PBXFileReference; explicitFileType = wrapper.cfbundle; includeInIndex = 0; path = "iOS-PlaygroundTests.xctest"; sourceTree = BUILT_PRODUCTS_DIR; };
		C2E512522088994600125547 /* iOS_PlaygroundTests.swift */ = {isa = PBXFileReference; lastKnownFileType = sourcecode.swift; path = iOS_PlaygroundTests.swift; sourceTree = "<group>"; };
		C2E512542088994600125547 /* Info.plist */ = {isa = PBXFileReference; lastKnownFileType = text.plist.xml; path = Info.plist; sourceTree = "<group>"; };
		C2E512592088994600125547 /* iOS-PlaygroundUITests.xctest */ = {isa = PBXFileReference; explicitFileType = wrapper.cfbundle; includeInIndex = 0; path = "iOS-PlaygroundUITests.xctest"; sourceTree = BUILT_PRODUCTS_DIR; };
		C2E5125D2088994600125547 /* iOS_PlaygroundUITests.swift */ = {isa = PBXFileReference; lastKnownFileType = sourcecode.swift; path = iOS_PlaygroundUITests.swift; sourceTree = "<group>"; };
		C2E5125F2088994600125547 /* Info.plist */ = {isa = PBXFileReference; lastKnownFileType = text.plist.xml; path = Info.plist; sourceTree = "<group>"; };
		C9901FE1634A143CF28A3E6C /* Pods-iOS-PlaygroundTests.debug.xcconfig */ = {isa = PBXFileReference; includeInIndex = 1; lastKnownFileType = text.xcconfig; name = "Pods-iOS-PlaygroundTests.debug.xcconfig"; path = "Pods/Target Support Files/Pods-iOS-PlaygroundTests/Pods-iOS-PlaygroundTests.debug.xcconfig"; sourceTree = "<group>"; };
		DBE53CBB6B4DB81491D55805 /* Pods_iOS_PlaygroundUITests.framework */ = {isa = PBXFileReference; explicitFileType = wrapper.framework; includeInIndex = 0; path = Pods_iOS_PlaygroundUITests.framework; sourceTree = BUILT_PRODUCTS_DIR; };
		F83D23237022D0E0E5B31C8E /* Pods-iOS-Playground.preview.xcconfig */ = {isa = PBXFileReference; includeInIndex = 1; lastKnownFileType = text.xcconfig; name = "Pods-iOS-Playground.preview.xcconfig"; path = "Pods/Target Support Files/Pods-iOS-Playground/Pods-iOS-Playground.preview.xcconfig"; sourceTree = "<group>"; };
/* End PBXFileReference section */

/* Begin PBXFrameworksBuildPhase section */
		C2E512342088994300125547 /* Frameworks */ = {
			isa = PBXFrameworksBuildPhase;
			buildActionMask = 2147483647;
			files = (
				7F4452897970CD9E444F4A60 /* Pods_iOS_Playground.framework in Frameworks */,
			);
			runOnlyForDeploymentPostprocessing = 0;
		};
		C2E5124B2088994600125547 /* Frameworks */ = {
			isa = PBXFrameworksBuildPhase;
			buildActionMask = 2147483647;
			files = (
				40C8B7D02C10C9084C69011E /* Pods_iOS_PlaygroundTests.framework in Frameworks */,
			);
			runOnlyForDeploymentPostprocessing = 0;
		};
		C2E512562088994600125547 /* Frameworks */ = {
			isa = PBXFrameworksBuildPhase;
			buildActionMask = 2147483647;
			files = (
				7FFAB09B8D52C0B0CDAAA600 /* Pods_iOS_PlaygroundUITests.framework in Frameworks */,
			);
			runOnlyForDeploymentPostprocessing = 0;
		};
/* End PBXFrameworksBuildPhase section */

/* Begin PBXGroup section */
		4EF56338383F79E8E3E4EC85 /* Frameworks */ = {
			isa = PBXGroup;
			children = (
				8C89A1A228D748389586E94D /* Pods_iOS_Playground.framework */,
				2F614C7DB0EBA3A8FA0B6D9F /* Pods_iOS_PlaygroundTests.framework */,
				DBE53CBB6B4DB81491D55805 /* Pods_iOS_PlaygroundUITests.framework */,
			);
			name = Frameworks;
			sourceTree = "<group>";
		};
		60BE062D715DDEC89A4B7407 /* Pods */ = {
			isa = PBXGroup;
			children = (
				2B63831D7521614598E7FFB5 /* Pods-iOS-Playground.debug.xcconfig */,
				3B1F403C1D4359D5E2EFD790 /* Pods-iOS-Playground.release.xcconfig */,
				C9901FE1634A143CF28A3E6C /* Pods-iOS-PlaygroundTests.debug.xcconfig */,
				2C8E115E0C8ECA70DB6FFA03 /* Pods-iOS-PlaygroundTests.release.xcconfig */,
				75D53CD82F76716C6D7E501D /* Pods-iOS-PlaygroundUITests.debug.xcconfig */,
				66BE0B75B40C5D563FA772E8 /* Pods-iOS-PlaygroundUITests.release.xcconfig */,
				F83D23237022D0E0E5B31C8E /* Pods-iOS-Playground.preview.xcconfig */,
				2C7BDEEB35C0FDD2E5BE731D /* Pods-iOS-PlaygroundTests.preview.xcconfig */,
				3BB8B7771CA5AEF455033C60 /* Pods-iOS-PlaygroundUITests.preview.xcconfig */,
			);
			name = Pods;
			sourceTree = "<group>";
		};
		C207C26D208E054500051F1A /* Utils */ = {
			isa = PBXGroup;
			children = (
				C207C26E208E055A00051F1A /* L.swift */,
			);
			path = Utils;
			sourceTree = "<group>";
		};
		C2E5122E2088994300125547 = {
			isa = PBXGroup;
			children = (
				C2E512392088994300125547 /* iOS-Playground */,
				C2E512512088994600125547 /* iOS-PlaygroundTests */,
				C2E5125C2088994600125547 /* iOS-PlaygroundUITests */,
				C2E512382088994300125547 /* Products */,
				60BE062D715DDEC89A4B7407 /* Pods */,
				4EF56338383F79E8E3E4EC85 /* Frameworks */,
			);
			sourceTree = "<group>";
		};
		C2E512382088994300125547 /* Products */ = {
			isa = PBXGroup;
			children = (
				C2E512372088994300125547 /* iOS-Playground.app */,
				C2E5124E2088994600125547 /* iOS-PlaygroundTests.xctest */,
				C2E512592088994600125547 /* iOS-PlaygroundUITests.xctest */,
			);
			name = Products;
			sourceTree = "<group>";
		};
		C2E512392088994300125547 /* iOS-Playground */ = {
			isa = PBXGroup;
			children = (
				C207C26D208E054500051F1A /* Utils */,
				C2E5123A2088994300125547 /* AppDelegate.swift */,
				C2E5123C2088994300125547 /* ViewController.swift */,
				C20D51A62091E180007458B3 /* Meal.swift */,
				C20D51A42091A450007458B3 /* RatingControl.swift */,
				C2E5123E2088994300125547 /* Main.storyboard */,
				C2E512442088994500125547 /* Assets.xcassets */,
				C2E512462088994500125547 /* LaunchScreen.storyboard */,
				C2E512492088994500125547 /* Info.plist */,
				C2E512412088994300125547 /* iOS_Playground.xcdatamodeld */,
			);
			path = "iOS-Playground";
			sourceTree = "<group>";
		};
		C2E512512088994600125547 /* iOS-PlaygroundTests */ = {
			isa = PBXGroup;
			children = (
				C2E512522088994600125547 /* iOS_PlaygroundTests.swift */,
				C2E512542088994600125547 /* Info.plist */,
			);
			path = "iOS-PlaygroundTests";
			sourceTree = "<group>";
		};
		C2E5125C2088994600125547 /* iOS-PlaygroundUITests */ = {
			isa = PBXGroup;
			children = (
				C2E5125D2088994600125547 /* iOS_PlaygroundUITests.swift */,
				C2E5125F2088994600125547 /* Info.plist */,
			);
			path = "iOS-PlaygroundUITests";
			sourceTree = "<group>";
		};
/* End PBXGroup section */

/* Begin PBXNativeTarget section */
		C2E512362088994300125547 /* iOS-Playground */ = {
			isa = PBXNativeTarget;
			buildConfigurationList = C2E512622088994600125547 /* Build configuration list for PBXNativeTarget "iOS-Playground" */;
			buildPhases = (
				14764E8884C6BDBF647377D2 /* [CP] Check Pods Manifest.lock */,
				C2E512332088994300125547 /* Sources */,
				C2E512342088994300125547 /* Frameworks */,
				C2E512352088994300125547 /* Resources */,
				0EC1D8D9680BBE1ABFD2119A /* [CP] Embed Pods Frameworks */,
				8A0BFB98118C868ACBC6D9AC /* [CP] Copy Pods Resources */,
				C207C27A20901D3400051F1A /* ShellScript */,
			);
			buildRules = (
			);
			dependencies = (
			);
			name = "iOS-Playground";
			productName = "iOS-Playground";
			productReference = C2E512372088994300125547 /* iOS-Playground.app */;
			productType = "com.apple.product-type.application";
		};
		C2E5124D2088994600125547 /* iOS-PlaygroundTests */ = {
			isa = PBXNativeTarget;
			buildConfigurationList = C2E512652088994600125547 /* Build configuration list for PBXNativeTarget "iOS-PlaygroundTests" */;
			buildPhases = (
				DBFC602F34005058711718E2 /* [CP] Check Pods Manifest.lock */,
				C2E5124A2088994600125547 /* Sources */,
				C2E5124B2088994600125547 /* Frameworks */,
				C2E5124C2088994600125547 /* Resources */,
				C55DB5ED600DAF55EE2CF408 /* [CP] Embed Pods Frameworks */,
				356472065D26E245145FD7C6 /* [CP] Copy Pods Resources */,
			);
			buildRules = (
			);
			dependencies = (
				C2E512502088994600125547 /* PBXTargetDependency */,
			);
			name = "iOS-PlaygroundTests";
			productName = "iOS-PlaygroundTests";
			productReference = C2E5124E2088994600125547 /* iOS-PlaygroundTests.xctest */;
			productType = "com.apple.product-type.bundle.unit-test";
		};
		C2E512582088994600125547 /* iOS-PlaygroundUITests */ = {
			isa = PBXNativeTarget;
			buildConfigurationList = C2E512682088994600125547 /* Build configuration list for PBXNativeTarget "iOS-PlaygroundUITests" */;
			buildPhases = (
				BFE5D5EA53B9BE9BF57C71B8 /* [CP] Check Pods Manifest.lock */,
				C2E512552088994600125547 /* Sources */,
				C2E512562088994600125547 /* Frameworks */,
				C2E512572088994600125547 /* Resources */,
				6459C8696B8B46F4EDA830C3 /* [CP] Embed Pods Frameworks */,
				84D37210A5482A2C0F24CEE7 /* [CP] Copy Pods Resources */,
			);
			buildRules = (
			);
			dependencies = (
				C2E5125B2088994600125547 /* PBXTargetDependency */,
			);
			name = "iOS-PlaygroundUITests";
			productName = "iOS-PlaygroundUITests";
			productReference = C2E512592088994600125547 /* iOS-PlaygroundUITests.xctest */;
			productType = "com.apple.product-type.bundle.ui-testing";
		};
/* End PBXNativeTarget section */

/* Begin PBXProject section */
		C2E5122F2088994300125547 /* Project object */ = {
			isa = PBXProject;
			attributes = {
				LastSwiftUpdateCheck = 0930;
				LastUpgradeCheck = 0930;
				ORGANIZATIONNAME = "Lobster Team";
				TargetAttributes = {
					C2E512362088994300125547 = {
						CreatedOnToolsVersion = 9.3;
					};
					C2E5124D2088994600125547 = {
						CreatedOnToolsVersion = 9.3;
						TestTargetID = C2E512362088994300125547;
					};
					C2E512582088994600125547 = {
						CreatedOnToolsVersion = 9.3;
						TestTargetID = C2E512362088994300125547;
					};
				};
			};
			buildConfigurationList = C2E512322088994300125547 /* Build configuration list for PBXProject "iOS-Playground" */;
			compatibilityVersion = "Xcode 9.3";
			developmentRegion = en;
			hasScannedForEncodings = 0;
			knownRegions = (
				en,
				Base,
			);
			mainGroup = C2E5122E2088994300125547;
			productRefGroup = C2E512382088994300125547 /* Products */;
			projectDirPath = "";
			projectRoot = "";
			targets = (
				C2E512362088994300125547 /* iOS-Playground */,
				C2E5124D2088994600125547 /* iOS-PlaygroundTests */,
				C2E512582088994600125547 /* iOS-PlaygroundUITests */,
			);
		};
/* End PBXProject section */

/* Begin PBXResourcesBuildPhase section */
		C2E512352088994300125547 /* Resources */ = {
			isa = PBXResourcesBuildPhase;
			buildActionMask = 2147483647;
			files = (
				C2E512482088994500125547 /* LaunchScreen.storyboard in Resources */,
				C2E512452088994500125547 /* Assets.xcassets in Resources */,
				C2E512402088994300125547 /* Main.storyboard in Resources */,
			);
			runOnlyForDeploymentPostprocessing = 0;
		};
		C2E5124C2088994600125547 /* Resources */ = {
			isa = PBXResourcesBuildPhase;
			buildActionMask = 2147483647;
			files = (
			);
			runOnlyForDeploymentPostprocessing = 0;
		};
		C2E512572088994600125547 /* Resources */ = {
			isa = PBXResourcesBuildPhase;
			buildActionMask = 2147483647;
			files = (
			);
			runOnlyForDeploymentPostprocessing = 0;
		};
/* End PBXResourcesBuildPhase section */

/* Begin PBXShellScriptBuildPhase section */
		0EC1D8D9680BBE1ABFD2119A /* [CP] Embed Pods Frameworks */ = {
			isa = PBXShellScriptBuildPhase;
			buildActionMask = 2147483647;
			files = (
			);
			inputPaths = (
				"${SRCROOT}/Pods/Target Support Files/Pods-iOS-Playground/Pods-iOS-Playground-frameworks.sh",
				"${BUILT_PRODUCTS_DIR}/CocoaLumberjack/CocoaLumberjack.framework",
			);
			name = "[CP] Embed Pods Frameworks";
			outputPaths = (
				"${TARGET_BUILD_DIR}/${FRAMEWORKS_FOLDER_PATH}/CocoaLumberjack.framework",
			);
			runOnlyForDeploymentPostprocessing = 0;
			shellPath = /bin/sh;
			shellScript = "\"${SRCROOT}/Pods/Target Support Files/Pods-iOS-Playground/Pods-iOS-Playground-frameworks.sh\"\n";
			showEnvVarsInLog = 0;
		};
		14764E8884C6BDBF647377D2 /* [CP] Check Pods Manifest.lock */ = {
			isa = PBXShellScriptBuildPhase;
			buildActionMask = 2147483647;
			files = (
			);
			inputPaths = (
				"${PODS_PODFILE_DIR_PATH}/Podfile.lock",
				"${PODS_ROOT}/Manifest.lock",
			);
			name = "[CP] Check Pods Manifest.lock";
			outputPaths = (
				"$(DERIVED_FILE_DIR)/Pods-iOS-Playground-checkManifestLockResult.txt",
			);
			runOnlyForDeploymentPostprocessing = 0;
			shellPath = /bin/sh;
			shellScript = "diff \"${PODS_PODFILE_DIR_PATH}/Podfile.lock\" \"${PODS_ROOT}/Manifest.lock\" > /dev/null\nif [ $? != 0 ] ; then\n    # print error to STDERR\n    echo \"error: The sandbox is not in sync with the Podfile.lock. Run 'pod install' or update your CocoaPods installation.\" >&2\n    exit 1\nfi\n# This output is used by Xcode 'outputs' to avoid re-running this script phase.\necho \"SUCCESS\" > \"${SCRIPT_OUTPUT_FILE_0}\"\n";
			showEnvVarsInLog = 0;
		};
		356472065D26E245145FD7C6 /* [CP] Copy Pods Resources */ = {
			isa = PBXShellScriptBuildPhase;
			buildActionMask = 2147483647;
			files = (
			);
			inputPaths = (
			);
			name = "[CP] Copy Pods Resources";
			outputPaths = (
			);
			runOnlyForDeploymentPostprocessing = 0;
			shellPath = /bin/sh;
			shellScript = "\"${SRCROOT}/Pods/Target Support Files/Pods-iOS-PlaygroundTests/Pods-iOS-PlaygroundTests-resources.sh\"\n";
			showEnvVarsInLog = 0;
		};
		6459C8696B8B46F4EDA830C3 /* [CP] Embed Pods Frameworks */ = {
			isa = PBXShellScriptBuildPhase;
			buildActionMask = 2147483647;
			files = (
			);
			inputPaths = (
			);
			name = "[CP] Embed Pods Frameworks";
			outputPaths = (
			);
			runOnlyForDeploymentPostprocessing = 0;
			shellPath = /bin/sh;
			shellScript = "\"${SRCROOT}/Pods/Target Support Files/Pods-iOS-PlaygroundUITests/Pods-iOS-PlaygroundUITests-frameworks.sh\"\n";
			showEnvVarsInLog = 0;
		};
		84D37210A5482A2C0F24CEE7 /* [CP] Copy Pods Resources */ = {
			isa = PBXShellScriptBuildPhase;
			buildActionMask = 2147483647;
			files = (
			);
			inputPaths = (
			);
			name = "[CP] Copy Pods Resources";
			outputPaths = (
			);
			runOnlyForDeploymentPostprocessing = 0;
			shellPath = /bin/sh;
			shellScript = "\"${SRCROOT}/Pods/Target Support Files/Pods-iOS-PlaygroundUITests/Pods-iOS-PlaygroundUITests-resources.sh\"\n";
			showEnvVarsInLog = 0;
		};
		8A0BFB98118C868ACBC6D9AC /* [CP] Copy Pods Resources */ = {
			isa = PBXShellScriptBuildPhase;
			buildActionMask = 2147483647;
			files = (
			);
			inputPaths = (
			);
			name = "[CP] Copy Pods Resources";
			outputPaths = (
			);
			runOnlyForDeploymentPostprocessing = 0;
			shellPath = /bin/sh;
			shellScript = "\"${SRCROOT}/Pods/Target Support Files/Pods-iOS-Playground/Pods-iOS-Playground-resources.sh\"\n";
			showEnvVarsInLog = 0;
		};
		BFE5D5EA53B9BE9BF57C71B8 /* [CP] Check Pods Manifest.lock */ = {
			isa = PBXShellScriptBuildPhase;
			buildActionMask = 2147483647;
			files = (
			);
			inputPaths = (
				"${PODS_PODFILE_DIR_PATH}/Podfile.lock",
				"${PODS_ROOT}/Manifest.lock",
			);
			name = "[CP] Check Pods Manifest.lock";
			outputPaths = (
				"$(DERIVED_FILE_DIR)/Pods-iOS-PlaygroundUITests-checkManifestLockResult.txt",
			);
			runOnlyForDeploymentPostprocessing = 0;
			shellPath = /bin/sh;
			shellScript = "diff \"${PODS_PODFILE_DIR_PATH}/Podfile.lock\" \"${PODS_ROOT}/Manifest.lock\" > /dev/null\nif [ $? != 0 ] ; then\n    # print error to STDERR\n    echo \"error: The sandbox is not in sync with the Podfile.lock. Run 'pod install' or update your CocoaPods installation.\" >&2\n    exit 1\nfi\n# This output is used by Xcode 'outputs' to avoid re-running this script phase.\necho \"SUCCESS\" > \"${SCRIPT_OUTPUT_FILE_0}\"\n";
			showEnvVarsInLog = 0;
		};
		C207C27A20901D3400051F1A /* ShellScript */ = {
			isa = PBXShellScriptBuildPhase;
			buildActionMask = 2147483647;
			files = (
			);
			inputPaths = (
			);
			outputPaths = (
			);
			runOnlyForDeploymentPostprocessing = 0;
			shellPath = /bin/sh;
			shellScript = "\"${PODS_ROOT}/SwiftLint/swiftlint\"";
		};
		C55DB5ED600DAF55EE2CF408 /* [CP] Embed Pods Frameworks */ = {
			isa = PBXShellScriptBuildPhase;
			buildActionMask = 2147483647;
			files = (
			);
			inputPaths = (
			);
			name = "[CP] Embed Pods Frameworks";
			outputPaths = (
			);
			runOnlyForDeploymentPostprocessing = 0;
			shellPath = /bin/sh;
			shellScript = "\"${SRCROOT}/Pods/Target Support Files/Pods-iOS-PlaygroundTests/Pods-iOS-PlaygroundTests-frameworks.sh\"\n";
			showEnvVarsInLog = 0;
		};
		DBFC602F34005058711718E2 /* [CP] Check Pods Manifest.lock */ = {
			isa = PBXShellScriptBuildPhase;
			buildActionMask = 2147483647;
			files = (
			);
			inputPaths = (
				"${PODS_PODFILE_DIR_PATH}/Podfile.lock",
				"${PODS_ROOT}/Manifest.lock",
			);
			name = "[CP] Check Pods Manifest.lock";
			outputPaths = (
				"$(DERIVED_FILE_DIR)/Pods-iOS-PlaygroundTests-checkManifestLockResult.txt",
			);
			runOnlyForDeploymentPostprocessing = 0;
			shellPath = /bin/sh;
			shellScript = "diff \"${PODS_PODFILE_DIR_PATH}/Podfile.lock\" \"${PODS_ROOT}/Manifest.lock\" > /dev/null\nif [ $? != 0 ] ; then\n    # print error to STDERR\n    echo \"error: The sandbox is not in sync with the Podfile.lock. Run 'pod install' or update your CocoaPods installation.\" >&2\n    exit 1\nfi\n# This output is used by Xcode 'outputs' to avoid re-running this script phase.\necho \"SUCCESS\" > \"${SCRIPT_OUTPUT_FILE_0}\"\n";
			showEnvVarsInLog = 0;
		};
/* End PBXShellScriptBuildPhase section */

/* Begin PBXSourcesBuildPhase section */
		C2E512332088994300125547 /* Sources */ = {
			isa = PBXSourcesBuildPhase;
			buildActionMask = 2147483647;
			files = (
				C2E5123D2088994300125547 /* ViewController.swift in Sources */,
				C2E512432088994300125547 /* iOS_Playground.xcdatamodeld in Sources */,
				C207C26F208E055A00051F1A /* L.swift in Sources */,
				C20D51A52091A450007458B3 /* RatingControl.swift in Sources */,
				C20D51A72091E180007458B3 /* Meal.swift in Sources */,
				C2E5123B2088994300125547 /* AppDelegate.swift in Sources */,
			);
			runOnlyForDeploymentPostprocessing = 0;
		};
		C2E5124A2088994600125547 /* Sources */ = {
			isa = PBXSourcesBuildPhase;
			buildActionMask = 2147483647;
			files = (
				C2E512532088994600125547 /* iOS_PlaygroundTests.swift in Sources */,
			);
			runOnlyForDeploymentPostprocessing = 0;
		};
		C2E512552088994600125547 /* Sources */ = {
			isa = PBXSourcesBuildPhase;
			buildActionMask = 2147483647;
			files = (
				C2E5125E2088994600125547 /* iOS_PlaygroundUITests.swift in Sources */,
			);
			runOnlyForDeploymentPostprocessing = 0;
		};
/* End PBXSourcesBuildPhase section */

/* Begin PBXTargetDependency section */
		C2E512502088994600125547 /* PBXTargetDependency */ = {
			isa = PBXTargetDependency;
			target = C2E512362088994300125547 /* iOS-Playground */;
			targetProxy = C2E5124F2088994600125547 /* PBXContainerItemProxy */;
		};
		C2E5125B2088994600125547 /* PBXTargetDependency */ = {
			isa = PBXTargetDependency;
			target = C2E512362088994300125547 /* iOS-Playground */;
			targetProxy = C2E5125A2088994600125547 /* PBXContainerItemProxy */;
		};
/* End PBXTargetDependency section */

/* Begin PBXVariantGroup section */
		C2E5123E2088994300125547 /* Main.storyboard */ = {
			isa = PBXVariantGroup;
			children = (
				C2E5123F2088994300125547 /* Base */,
			);
			name = Main.storyboard;
			sourceTree = "<group>";
		};
		C2E512462088994500125547 /* LaunchScreen.storyboard */ = {
			isa = PBXVariantGroup;
			children = (
				C2E512472088994500125547 /* Base */,
			);
			name = LaunchScreen.storyboard;
			sourceTree = "<group>";
		};
/* End PBXVariantGroup section */

/* Begin XCBuildConfiguration section */
		C207C276209011C500051F1A /* Preview */ = {
			isa = XCBuildConfiguration;
			buildSettings = {
				ALWAYS_SEARCH_USER_PATHS = NO;
				CLANG_ANALYZER_NONNULL = YES;
				CLANG_ANALYZER_NUMBER_OBJECT_CONVERSION = YES_AGGRESSIVE;
				CLANG_CXX_LANGUAGE_STANDARD = "gnu++14";
				CLANG_CXX_LIBRARY = "libc++";
				CLANG_ENABLE_MODULES = YES;
				CLANG_ENABLE_OBJC_ARC = YES;
				CLANG_ENABLE_OBJC_WEAK = YES;
				CLANG_WARN_BLOCK_CAPTURE_AUTORELEASING = YES;
				CLANG_WARN_BOOL_CONVERSION = YES;
				CLANG_WARN_COMMA = YES;
				CLANG_WARN_CONSTANT_CONVERSION = YES;
				CLANG_WARN_DEPRECATED_OBJC_IMPLEMENTATIONS = YES;
				CLANG_WARN_DIRECT_OBJC_ISA_USAGE = YES_ERROR;
				CLANG_WARN_DOCUMENTATION_COMMENTS = YES;
				CLANG_WARN_EMPTY_BODY = YES;
				CLANG_WARN_ENUM_CONVERSION = YES;
				CLANG_WARN_INFINITE_RECURSION = YES;
				CLANG_WARN_INT_CONVERSION = YES;
				CLANG_WARN_NON_LITERAL_NULL_CONVERSION = YES;
				CLANG_WARN_OBJC_IMPLICIT_RETAIN_SELF = YES;
				CLANG_WARN_OBJC_LITERAL_CONVERSION = YES;
				CLANG_WARN_OBJC_ROOT_CLASS = YES_ERROR;
				CLANG_WARN_RANGE_LOOP_ANALYSIS = YES;
				CLANG_WARN_STRICT_PROTOTYPES = YES;
				CLANG_WARN_SUSPICIOUS_MOVE = YES;
				CLANG_WARN_UNGUARDED_AVAILABILITY = YES_AGGRESSIVE;
				CLANG_WARN_UNREACHABLE_CODE = YES;
				CLANG_WARN__DUPLICATE_METHOD_MATCH = YES;
				CODE_SIGN_IDENTITY = "iPhone Developer";
				COPY_PHASE_STRIP = NO;
				DEBUG_INFORMATION_FORMAT = "dwarf-with-dsym";
				ENABLE_NS_ASSERTIONS = NO;
				ENABLE_STRICT_OBJC_MSGSEND = YES;
				GCC_C_LANGUAGE_STANDARD = gnu11;
				GCC_NO_COMMON_BLOCKS = YES;
				GCC_WARN_64_TO_32_BIT_CONVERSION = YES;
				GCC_WARN_ABOUT_RETURN_TYPE = YES_ERROR;
				GCC_WARN_UNDECLARED_SELECTOR = YES;
				GCC_WARN_UNINITIALIZED_AUTOS = YES_AGGRESSIVE;
				GCC_WARN_UNUSED_FUNCTION = YES;
				GCC_WARN_UNUSED_VARIABLE = YES;
				IPHONEOS_DEPLOYMENT_TARGET = 11.3;
				MTL_ENABLE_DEBUG_INFO = NO;
				SDKROOT = iphoneos;
				SWIFT_ACTIVE_COMPILATION_CONDITIONS = DEBUG;
				SWIFT_COMPILATION_MODE = wholemodule;
				SWIFT_OPTIMIZATION_LEVEL = "-O";
				VALIDATE_PRODUCT = YES;
			};
			name = Preview;
		};
		C207C277209011C500051F1A /* Preview */ = {
			isa = XCBuildConfiguration;
			baseConfigurationReference = F83D23237022D0E0E5B31C8E /* Pods-iOS-Playground.preview.xcconfig */;
			buildSettings = {
				ASSETCATALOG_COMPILER_APPICON_NAME = AppIcon;
				CODE_SIGN_STYLE = Automatic;
				INFOPLIST_FILE = "iOS-Playground/Info.plist";
				LD_RUNPATH_SEARCH_PATHS = (
					"$(inherited)",
					"@executable_path/Frameworks",
				);
				PRODUCT_BUNDLE_IDENTIFIER = "com.lobsterteam.iOS-Playground";
				PRODUCT_NAME = "$(TARGET_NAME)";
				SWIFT_VERSION = 4.0;
				TARGETED_DEVICE_FAMILY = "1,2";
			};
			name = Preview;
		};
		C207C278209011C500051F1A /* Preview */ = {
			isa = XCBuildConfiguration;
			baseConfigurationReference = 2C7BDEEB35C0FDD2E5BE731D /* Pods-iOS-PlaygroundTests.preview.xcconfig */;
			buildSettings = {
				ALWAYS_EMBED_SWIFT_STANDARD_LIBRARIES = YES;
				BUNDLE_LOADER = "$(TEST_HOST)";
				CODE_SIGN_STYLE = Automatic;
				INFOPLIST_FILE = "iOS-PlaygroundTests/Info.plist";
				LD_RUNPATH_SEARCH_PATHS = (
					"$(inherited)",
					"@executable_path/Frameworks",
					"@loader_path/Frameworks",
				);
				PRODUCT_BUNDLE_IDENTIFIER = "com.lobsterteam.iOS-PlaygroundTests";
				PRODUCT_NAME = "$(TARGET_NAME)";
				SWIFT_VERSION = 4.0;
				TARGETED_DEVICE_FAMILY = "1,2";
				TEST_HOST = "$(BUILT_PRODUCTS_DIR)/iOS-Playground.app/iOS-Playground";
			};
			name = Preview;
		};
		C207C279209011C500051F1A /* Preview */ = {
			isa = XCBuildConfiguration;
			baseConfigurationReference = 3BB8B7771CA5AEF455033C60 /* Pods-iOS-PlaygroundUITests.preview.xcconfig */;
			buildSettings = {
				ALWAYS_EMBED_SWIFT_STANDARD_LIBRARIES = YES;
				CODE_SIGN_STYLE = Automatic;
				INFOPLIST_FILE = "iOS-PlaygroundUITests/Info.plist";
				LD_RUNPATH_SEARCH_PATHS = (
					"$(inherited)",
					"@executable_path/Frameworks",
					"@loader_path/Frameworks",
				);
				PRODUCT_BUNDLE_IDENTIFIER = "com.lobsterteam.iOS-PlaygroundUITests";
				PRODUCT_NAME = "$(TARGET_NAME)";
				SWIFT_VERSION = 4.0;
				TARGETED_DEVICE_FAMILY = "1,2";
				TEST_TARGET_NAME = "iOS-Playground";
			};
			name = Preview;
		};
		C2E512602088994600125547 /* Debug */ = {
			isa = XCBuildConfiguration;
			buildSettings = {
				ALWAYS_SEARCH_USER_PATHS = NO;
				CLANG_ANALYZER_NONNULL = YES;
				CLANG_ANALYZER_NUMBER_OBJECT_CONVERSION = YES_AGGRESSIVE;
				CLANG_CXX_LANGUAGE_STANDARD = "gnu++14";
				CLANG_CXX_LIBRARY = "libc++";
				CLANG_ENABLE_MODULES = YES;
				CLANG_ENABLE_OBJC_ARC = YES;
				CLANG_ENABLE_OBJC_WEAK = YES;
				CLANG_WARN_BLOCK_CAPTURE_AUTORELEASING = YES;
				CLANG_WARN_BOOL_CONVERSION = YES;
				CLANG_WARN_COMMA = YES;
				CLANG_WARN_CONSTANT_CONVERSION = YES;
				CLANG_WARN_DEPRECATED_OBJC_IMPLEMENTATIONS = YES;
				CLANG_WARN_DIRECT_OBJC_ISA_USAGE = YES_ERROR;
				CLANG_WARN_DOCUMENTATION_COMMENTS = YES;
				CLANG_WARN_EMPTY_BODY = YES;
				CLANG_WARN_ENUM_CONVERSION = YES;
				CLANG_WARN_INFINITE_RECURSION = YES;
				CLANG_WARN_INT_CONVERSION = YES;
				CLANG_WARN_NON_LITERAL_NULL_CONVERSION = YES;
				CLANG_WARN_OBJC_IMPLICIT_RETAIN_SELF = YES;
				CLANG_WARN_OBJC_LITERAL_CONVERSION = YES;
				CLANG_WARN_OBJC_ROOT_CLASS = YES_ERROR;
				CLANG_WARN_RANGE_LOOP_ANALYSIS = YES;
				CLANG_WARN_STRICT_PROTOTYPES = YES;
				CLANG_WARN_SUSPICIOUS_MOVE = YES;
				CLANG_WARN_UNGUARDED_AVAILABILITY = YES_AGGRESSIVE;
				CLANG_WARN_UNREACHABLE_CODE = YES;
				CLANG_WARN__DUPLICATE_METHOD_MATCH = YES;
				CODE_SIGN_IDENTITY = "iPhone Developer";
				COPY_PHASE_STRIP = NO;
				DEBUG_INFORMATION_FORMAT = dwarf;
				ENABLE_STRICT_OBJC_MSGSEND = YES;
				ENABLE_TESTABILITY = YES;
				GCC_C_LANGUAGE_STANDARD = gnu11;
				GCC_DYNAMIC_NO_PIC = NO;
				GCC_NO_COMMON_BLOCKS = YES;
				GCC_OPTIMIZATION_LEVEL = 0;
				GCC_PREPROCESSOR_DEFINITIONS = (
					"DEBUG=1",
					"$(inherited)",
				);
				GCC_WARN_64_TO_32_BIT_CONVERSION = YES;
				GCC_WARN_ABOUT_RETURN_TYPE = YES_ERROR;
				GCC_WARN_UNDECLARED_SELECTOR = YES;
				GCC_WARN_UNINITIALIZED_AUTOS = YES_AGGRESSIVE;
				GCC_WARN_UNUSED_FUNCTION = YES;
				GCC_WARN_UNUSED_VARIABLE = YES;
				IPHONEOS_DEPLOYMENT_TARGET = 11.3;
				MTL_ENABLE_DEBUG_INFO = YES;
				ONLY_ACTIVE_ARCH = YES;
				SDKROOT = iphoneos;
				SWIFT_ACTIVE_COMPILATION_CONDITIONS = "DEBUG STAGING";
				SWIFT_OPTIMIZATION_LEVEL = "-Onone";
			};
			name = Debug;
		};
		C2E512612088994600125547 /* Release */ = {
			isa = XCBuildConfiguration;
			buildSettings = {
				ALWAYS_SEARCH_USER_PATHS = NO;
				CLANG_ANALYZER_NONNULL = YES;
				CLANG_ANALYZER_NUMBER_OBJECT_CONVERSION = YES_AGGRESSIVE;
				CLANG_CXX_LANGUAGE_STANDARD = "gnu++14";
				CLANG_CXX_LIBRARY = "libc++";
				CLANG_ENABLE_MODULES = YES;
				CLANG_ENABLE_OBJC_ARC = YES;
				CLANG_ENABLE_OBJC_WEAK = YES;
				CLANG_WARN_BLOCK_CAPTURE_AUTORELEASING = YES;
				CLANG_WARN_BOOL_CONVERSION = YES;
				CLANG_WARN_COMMA = YES;
				CLANG_WARN_CONSTANT_CONVERSION = YES;
				CLANG_WARN_DEPRECATED_OBJC_IMPLEMENTATIONS = YES;
				CLANG_WARN_DIRECT_OBJC_ISA_USAGE = YES_ERROR;
				CLANG_WARN_DOCUMENTATION_COMMENTS = YES;
				CLANG_WARN_EMPTY_BODY = YES;
				CLANG_WARN_ENUM_CONVERSION = YES;
				CLANG_WARN_INFINITE_RECURSION = YES;
				CLANG_WARN_INT_CONVERSION = YES;
				CLANG_WARN_NON_LITERAL_NULL_CONVERSION = YES;
				CLANG_WARN_OBJC_IMPLICIT_RETAIN_SELF = YES;
				CLANG_WARN_OBJC_LITERAL_CONVERSION = YES;
				CLANG_WARN_OBJC_ROOT_CLASS = YES_ERROR;
				CLANG_WARN_RANGE_LOOP_ANALYSIS = YES;
				CLANG_WARN_STRICT_PROTOTYPES = YES;
				CLANG_WARN_SUSPICIOUS_MOVE = YES;
				CLANG_WARN_UNGUARDED_AVAILABILITY = YES_AGGRESSIVE;
				CLANG_WARN_UNREACHABLE_CODE = YES;
				CLANG_WARN__DUPLICATE_METHOD_MATCH = YES;
				CODE_SIGN_IDENTITY = "iPhone Developer";
				COPY_PHASE_STRIP = NO;
				DEBUG_INFORMATION_FORMAT = "dwarf-with-dsym";
				ENABLE_NS_ASSERTIONS = NO;
				ENABLE_STRICT_OBJC_MSGSEND = YES;
				GCC_C_LANGUAGE_STANDARD = gnu11;
				GCC_NO_COMMON_BLOCKS = YES;
				GCC_WARN_64_TO_32_BIT_CONVERSION = YES;
				GCC_WARN_ABOUT_RETURN_TYPE = YES_ERROR;
				GCC_WARN_UNDECLARED_SELECTOR = YES;
				GCC_WARN_UNINITIALIZED_AUTOS = YES_AGGRESSIVE;
				GCC_WARN_UNUSED_FUNCTION = YES;
				GCC_WARN_UNUSED_VARIABLE = YES;
				IPHONEOS_DEPLOYMENT_TARGET = 11.3;
				MTL_ENABLE_DEBUG_INFO = NO;
				SDKROOT = iphoneos;
				SWIFT_COMPILATION_MODE = wholemodule;
				SWIFT_OPTIMIZATION_LEVEL = "-O";
				VALIDATE_PRODUCT = YES;
			};
			name = Release;
		};
		C2E512632088994600125547 /* Debug */ = {
			isa = XCBuildConfiguration;
			baseConfigurationReference = 2B63831D7521614598E7FFB5 /* Pods-iOS-Playground.debug.xcconfig */;
			buildSettings = {
				ASSETCATALOG_COMPILER_APPICON_NAME = AppIcon;
				CODE_SIGN_STYLE = Automatic;
				INFOPLIST_FILE = "iOS-Playground/Info.plist";
				LD_RUNPATH_SEARCH_PATHS = (
					"$(inherited)",
					"@executable_path/Frameworks",
				);
				PRODUCT_BUNDLE_IDENTIFIER = "com.lobsterteam.iOS-Playground";
				PRODUCT_NAME = "$(TARGET_NAME)";
				SWIFT_VERSION = 4.0;
				TARGETED_DEVICE_FAMILY = "1,2";
			};
			name = Debug;
		};
		C2E512642088994600125547 /* Release */ = {
			isa = XCBuildConfiguration;
			baseConfigurationReference = 3B1F403C1D4359D5E2EFD790 /* Pods-iOS-Playground.release.xcconfig */;
			buildSettings = {
				ASSETCATALOG_COMPILER_APPICON_NAME = AppIcon;
				CODE_SIGN_STYLE = Automatic;
				INFOPLIST_FILE = "iOS-Playground/Info.plist";
				LD_RUNPATH_SEARCH_PATHS = (
					"$(inherited)",
					"@executable_path/Frameworks",
				);
				PRODUCT_BUNDLE_IDENTIFIER = "com.lobsterteam.iOS-Playground";
				PRODUCT_NAME = "$(TARGET_NAME)";
				SWIFT_VERSION = 4.0;
				TARGETED_DEVICE_FAMILY = "1,2";
			};
			name = Release;
		};
		C2E512662088994600125547 /* Debug */ = {
			isa = XCBuildConfiguration;
			baseConfigurationReference = C9901FE1634A143CF28A3E6C /* Pods-iOS-PlaygroundTests.debug.xcconfig */;
			buildSettings = {
				ALWAYS_EMBED_SWIFT_STANDARD_LIBRARIES = YES;
				BUNDLE_LOADER = "$(TEST_HOST)";
				CODE_SIGN_STYLE = Automatic;
				INFOPLIST_FILE = "iOS-PlaygroundTests/Info.plist";
				LD_RUNPATH_SEARCH_PATHS = (
					"$(inherited)",
					"@executable_path/Frameworks",
					"@loader_path/Frameworks",
				);
				PRODUCT_BUNDLE_IDENTIFIER = "com.lobsterteam.iOS-PlaygroundTests";
				PRODUCT_NAME = "$(TARGET_NAME)";
				SWIFT_VERSION = 4.0;
				TARGETED_DEVICE_FAMILY = "1,2";
				TEST_HOST = "$(BUILT_PRODUCTS_DIR)/iOS-Playground.app/iOS-Playground";
			};
			name = Debug;
		};
		C2E512672088994600125547 /* Release */ = {
			isa = XCBuildConfiguration;
			baseConfigurationReference = 2C8E115E0C8ECA70DB6FFA03 /* Pods-iOS-PlaygroundTests.release.xcconfig */;
			buildSettings = {
				ALWAYS_EMBED_SWIFT_STANDARD_LIBRARIES = YES;
				BUNDLE_LOADER = "$(TEST_HOST)";
				CODE_SIGN_STYLE = Automatic;
				INFOPLIST_FILE = "iOS-PlaygroundTests/Info.plist";
				LD_RUNPATH_SEARCH_PATHS = (
					"$(inherited)",
					"@executable_path/Frameworks",
					"@loader_path/Frameworks",
				);
				PRODUCT_BUNDLE_IDENTIFIER = "com.lobsterteam.iOS-PlaygroundTests";
				PRODUCT_NAME = "$(TARGET_NAME)";
				SWIFT_VERSION = 4.0;
				TARGETED_DEVICE_FAMILY = "1,2";
				TEST_HOST = "$(BUILT_PRODUCTS_DIR)/iOS-Playground.app/iOS-Playground";
			};
			name = Release;
		};
		C2E512692088994600125547 /* Debug */ = {
			isa = XCBuildConfiguration;
			baseConfigurationReference = 75D53CD82F76716C6D7E501D /* Pods-iOS-PlaygroundUITests.debug.xcconfig */;
			buildSettings = {
				ALWAYS_EMBED_SWIFT_STANDARD_LIBRARIES = YES;
				CODE_SIGN_STYLE = Automatic;
				INFOPLIST_FILE = "iOS-PlaygroundUITests/Info.plist";
				LD_RUNPATH_SEARCH_PATHS = (
					"$(inherited)",
					"@executable_path/Frameworks",
					"@loader_path/Frameworks",
				);
				PRODUCT_BUNDLE_IDENTIFIER = "com.lobsterteam.iOS-PlaygroundUITests";
				PRODUCT_NAME = "$(TARGET_NAME)";
				SWIFT_VERSION = 4.0;
				TARGETED_DEVICE_FAMILY = "1,2";
				TEST_TARGET_NAME = "iOS-Playground";
			};
			name = Debug;
		};
		C2E5126A2088994600125547 /* Release */ = {
			isa = XCBuildConfiguration;
			baseConfigurationReference = 66BE0B75B40C5D563FA772E8 /* Pods-iOS-PlaygroundUITests.release.xcconfig */;
			buildSettings = {
				ALWAYS_EMBED_SWIFT_STANDARD_LIBRARIES = YES;
				CODE_SIGN_STYLE = Automatic;
				INFOPLIST_FILE = "iOS-PlaygroundUITests/Info.plist";
				LD_RUNPATH_SEARCH_PATHS = (
					"$(inherited)",
					"@executable_path/Frameworks",
					"@loader_path/Frameworks",
				);
				PRODUCT_BUNDLE_IDENTIFIER = "com.lobsterteam.iOS-PlaygroundUITests";
				PRODUCT_NAME = "$(TARGET_NAME)";
				SWIFT_VERSION = 4.0;
				TARGETED_DEVICE_FAMILY = "1,2";
				TEST_TARGET_NAME = "iOS-Playground";
			};
			name = Release;
		};
/* End XCBuildConfiguration section */

/* Begin XCConfigurationList section */
		C2E512322088994300125547 /* Build configuration list for PBXProject "iOS-Playground" */ = {
			isa = XCConfigurationList;
			buildConfigurations = (
				C2E512602088994600125547 /* Debug */,
				C2E512612088994600125547 /* Release */,
				C207C276209011C500051F1A /* Preview */,
			);
			defaultConfigurationIsVisible = 0;
			defaultConfigurationName = Release;
		};
		C2E512622088994600125547 /* Build configuration list for PBXNativeTarget "iOS-Playground" */ = {
			isa = XCConfigurationList;
			buildConfigurations = (
				C2E512632088994600125547 /* Debug */,
				C2E512642088994600125547 /* Release */,
				C207C277209011C500051F1A /* Preview */,
			);
			defaultConfigurationIsVisible = 0;
			defaultConfigurationName = Release;
		};
		C2E512652088994600125547 /* Build configuration list for PBXNativeTarget "iOS-PlaygroundTests" */ = {
			isa = XCConfigurationList;
			buildConfigurations = (
				C2E512662088994600125547 /* Debug */,
				C2E512672088994600125547 /* Release */,
				C207C278209011C500051F1A /* Preview */,
			);
			defaultConfigurationIsVisible = 0;
			defaultConfigurationName = Release;
		};
		C2E512682088994600125547 /* Build configuration list for PBXNativeTarget "iOS-PlaygroundUITests" */ = {
			isa = XCConfigurationList;
			buildConfigurations = (
				C2E512692088994600125547 /* Debug */,
				C2E5126A2088994600125547 /* Release */,
				C207C279209011C500051F1A /* Preview */,
			);
			defaultConfigurationIsVisible = 0;
			defaultConfigurationName = Release;
		};
/* End XCConfigurationList section */

/* Begin XCVersionGroup section */
		C2E512412088994300125547 /* iOS_Playground.xcdatamodeld */ = {
			isa = XCVersionGroup;
			children = (
				C2E512422088994300125547 /* iOS_Playground.xcdatamodel */,
			);
			currentVersion = C2E512422088994300125547 /* iOS_Playground.xcdatamodel */;
			path = iOS_Playground.xcdatamodeld;
			sourceTree = "<group>";
			versionGroupType = wrapper.xcdatamodel;
		};
/* End XCVersionGroup section */
	};
	rootObject = C2E5122F2088994300125547 /* Project object */;
}
